
Microsoft Visual Studio Solution File, Format Version 12.00
# Visual Studio Version 17
VisualStudioVersion = 17.6.33829.357
MinimumVisualStudioVersion = 10.0.40219.1
Project("{FAE04EC0-301F-11D3-BF4B-00C04F79EFBC}") = "MobileShop", "MobileShop\MobileShop.csproj", "{A3BB18DE-192B-4BBE-8E2D-6516CD0FA5F1}"
EndProject
Global
	GlobalSection(SolutionConfigurationPlatforms) = preSolution
		Debug|Any CPU = Debug|Any CPU
		Release|Any CPU = Release|Any CPU
	EndGlobalSection
	GlobalSection(ProjectConfigurationPlatforms) = postSolution
		{A3BB18DE-192B-4BBE-8E2D-6516CD0FA5F1}.Debug|Any CPU.ActiveCfg = Debug|Any CPU
		{A3BB18DE-192B-4BBE-8E2D-6516CD0FA5F1}.Debug|Any CPU.Build.0 = Debug|Any CPU
		{A3BB18DE-192B-4BBE-8E2D-6516CD0FA5F1}.Release|Any CPU.ActiveCfg = Release|Any CPU
		{A3BB18DE-192B-4BBE-8E2D-6516CD0FA5F1}.Release|Any CPU.Build.0 = Release|Any CPU
	EndGlobalSection
	GlobalSection(SolutionProperties) = preSolution
		HideSolutionNode = FALSE
	EndGlobalSection
	GlobalSection(ExtensibilityGlobals) = postSolution
		SolutionGuid = {F147C015-3F97-44EF-842A-87767E2D848C}
	EndGlobalSection
EndGlobal
